
Microsoft Visual Studio Solution File, Format Version 12.00
# Visual Studio Version 16
VisualStudioVersion = 16.0.30907.101
MinimumVisualStudioVersion = 15.0.26124.0
Project("{2150E333-8FDC-42A3-9474-1A3956D46DE8}") = "Solution Items", "Solution Items", "{EEA3F34B-F3E9-49FA-82D4-F45EB13F10C1}"
	ProjectSection(SolutionItems) = preProject
		LICENSE = LICENSE
		README.md = README.md
	EndProjectSection
EndProject
Project("{2150E333-8FDC-42A3-9474-1A3956D46DE8}") = "src", "src", "{76F4068E-7C1C-4746-905C-6B8F27D20A55}"
EndProject
Project("{2150E333-8FDC-42A3-9474-1A3956D46DE8}") = "test", "test", "{113732D1-1A35-42DF-97A8-100DECED6DFE}"
EndProject
Project("{9A19103F-16F7-4668-BE54-9A1E7A4F7556}") = "Common", "src\Common\Common.csproj", "{03FA96CE-F25B-41E4-9E20-563E4217E741}"
EndProject
Project("{9A19103F-16F7-4668-BE54-9A1E7A4F7556}") = "Common.Tests", "test\Common.Tests\Common.Tests.csproj", "{86411943-28A6-4656-9F82-7F8D15983D4F}"
EndProject
Global
	GlobalSection(SolutionConfigurationPlatforms) = preSolution
		Debug|Any CPU = Debug|Any CPU
		Debug|x64 = Debug|x64
		Debug|x86 = Debug|x86
		Release|Any CPU = Release|Any CPU
		Release|x64 = Release|x64
		Release|x86 = Release|x86
	EndGlobalSection
	GlobalSection(ProjectConfigurationPlatforms) = postSolution
		{03FA96CE-F25B-41E4-9E20-563E4217E741}.Debug|Any CPU.ActiveCfg = Debug|Any CPU
		{03FA96CE-F25B-41E4-9E20-563E4217E741}.Debug|Any CPU.Build.0 = Debug|Any CPU
		{03FA96CE-F25B-41E4-9E20-563E4217E741}.Debug|x64.ActiveCfg = Debug|Any CPU
		{03FA96CE-F25B-41E4-9E20-563E4217E741}.Debug|x64.Build.0 = Debug|Any CPU
		{03FA96CE-F25B-41E4-9E20-563E4217E741}.Debug|x86.ActiveCfg = Debug|Any CPU
		{03FA96CE-F25B-41E4-9E20-563E4217E741}.Debug|x86.Build.0 = Debug|Any CPU
		{03FA96CE-F25B-41E4-9E20-563E4217E741}.Release|Any CPU.ActiveCfg = Release|Any CPU
		{03FA96CE-F25B-41E4-9E20-563E4217E741}.Release|Any CPU.Build.0 = Release|Any CPU
		{03FA96CE-F25B-41E4-9E20-563E4217E741}.Release|x64.ActiveCfg = Release|Any CPU
		{03FA96CE-F25B-41E4-9E20-563E4217E741}.Release|x64.Build.0 = Release|Any CPU
		{03FA96CE-F25B-41E4-9E20-563E4217E741}.Release|x86.ActiveCfg = Release|Any CPU
		{03FA96CE-F25B-41E4-9E20-563E4217E741}.Release|x86.Build.0 = Release|Any CPU
		{86411943-28A6-4656-9F82-7F8D15983D4F}.Debug|Any CPU.ActiveCfg = Debug|Any CPU
		{86411943-28A6-4656-9F82-7F8D15983D4F}.Debug|Any CPU.Build.0 = Debug|Any CPU
		{86411943-28A6-4656-9F82-7F8D15983D4F}.Debug|x64.ActiveCfg = Debug|Any CPU
		{86411943-28A6-4656-9F82-7F8D15983D4F}.Debug|x64.Build.0 = Debug|Any CPU
		{86411943-28A6-4656-9F82-7F8D15983D4F}.Debug|x86.ActiveCfg = Debug|Any CPU
		{86411943-28A6-4656-9F82-7F8D15983D4F}.Debug|x86.Build.0 = Debug|Any CPU
		{86411943-28A6-4656-9F82-7F8D15983D4F}.Release|Any CPU.ActiveCfg = Release|Any CPU
		{86411943-28A6-4656-9F82-7F8D15983D4F}.Release|Any CPU.Build.0 = Release|Any CPU
		{86411943-28A6-4656-9F82-7F8D15983D4F}.Release|x64.ActiveCfg = Release|Any CPU
		{86411943-28A6-4656-9F82-7F8D15983D4F}.Release|x64.Build.0 = Release|Any CPU
		{86411943-28A6-4656-9F82-7F8D15983D4F}.Release|x86.ActiveCfg = Release|Any CPU
		{86411943-28A6-4656-9F82-7F8D15983D4F}.Release|x86.Build.0 = Release|Any CPU
	EndGlobalSection
	GlobalSection(SolutionProperties) = preSolution
		HideSolutionNode = FALSE
	EndGlobalSection
	GlobalSection(NestedProjects) = preSolution
		{03FA96CE-F25B-41E4-9E20-563E4217E741} = {76F4068E-7C1C-4746-905C-6B8F27D20A55}
		{86411943-28A6-4656-9F82-7F8D15983D4F} = {113732D1-1A35-42DF-97A8-100DECED6DFE}
	EndGlobalSection
	GlobalSection(ExtensibilityGlobals) = postSolution
		SolutionGuid = {1E7E898C-BCC3-4B17-917F-0B570DA4538D}
	EndGlobalSection
EndGlobal
